NeoBundleLock ag.vim 4a0dd6e190f446e5a016b44fdaa2feafc582918e
NeoBundleLock emmet-vim 1691ccc7e8a42068de1c9f1bf3665f639efc1cfa
NeoBundleLock matchit.zip ced6c409c9beeb0b4142d21906606bd194411d1d
NeoBundleLock neomru.vim 8aa00e181bb764956a40764ae325a485a93f513a
NeoBundleLock unite.vim 87bbba956bab3473aca1556d830417643a9fa53a
NeoBundleLock vim-autoclose a9a3b7384657bc1f60a963fd6c08c63fc48d61c3
NeoBundleLock vim-easymotion 0806257ca6432ac7beb75c4319dadf7f3ba9907b
NeoBundleLock vim-endwise f06abe3d6eca6f6ebfc31ea3163a51575f450df6
NeoBundleLock vim-go b4936d89bd1480a864382108b49ebf5d2d16728a
NeoBundleLock vim-quickrun 76a5a0337e19e35cb4ac1d098636e2a688104558
NeoBundleLock vim-surround 2d05440ad23f97a7874ebd9b5de3a0e65d25d85c
NeoBundleLock vimfiler 259d52c6f6ffc267c63eb95fe5fd026d29ddbe71
NeoBundleLock vimproc 25cb83f24edec4aec1e9f1329302235e7a7a7fe0
NeoBundleLock vimshell b19377ead8e6d4e0dc40a0862b28fbc90ffb5e3f
NeoBundleLock winresizer 1fd009fe0f94cf9d8cf83b0011a5719b2b2919f6
NeoBundleLock yankround.vim 2db6dc0cc364448e014ad629b2eebf9eaaf0bfa8
